
Microsoft Visual Studio Solution File, Format Version 12.00
# Visual Studio Version 17
VisualStudioVersion = 17.5.002.0
MinimumVisualStudioVersion = 10.0.40219.1
Project("{9A19103F-16F7-4668-BE54-9A1E7A4F7556}") = "SwapToDynamicBlendShapeDriver", "SwapToDynamicBlendShapeDriver.csproj", "{DCD21EF6-435D-4F0B-A169-74A254AE91F4}"
EndProject
Global
	GlobalSection(SolutionConfigurationPlatforms) = preSolution
		Debug|Any CPU = Debug|Any CPU
		Release|Any CPU = Release|Any CPU
	EndGlobalSection
	GlobalSection(ProjectConfigurationPlatforms) = postSolution
		{DCD21EF6-435D-4F0B-A169-74A254AE91F4}.Debug|Any CPU.ActiveCfg = Debug|Any CPU
		{DCD21EF6-435D-4F0B-A169-74A254AE91F4}.Debug|Any CPU.Build.0 = Debug|Any CPU
		{DCD21EF6-435D-4F0B-A169-74A254AE91F4}.Release|Any CPU.ActiveCfg = Release|Any CPU
		{DCD21EF6-435D-4F0B-A169-74A254AE91F4}.Release|Any CPU.Build.0 = Release|Any CPU
	EndGlobalSection
	GlobalSection(SolutionProperties) = preSolution
		HideSolutionNode = FALSE
	EndGlobalSection
	GlobalSection(ExtensibilityGlobals) = postSolution
		SolutionGuid = {D0E0B243-2A22-48FA-A3C5-9FA7BA786243}
	EndGlobalSection
EndGlobal
